// !$*UTF8*$!
{
	archiveVersion = 1;
	classes = {
	};
	objectVersion = 56;
	objects = {

/* Begin PBXBuildFile section */
		3261BB8C2B0BB7A900D95B08 /* AudioCoordinator.swift in Sources */ = {isa = PBXBuildFile; fileRef = 3261BB8B2B0BB7A900D95B08 /* AudioCoordinator.swift */; };
		3261D5C72B09328C00775FF0 /* SingleFileView.swift in Sources */ = {isa = PBXBuildFile; fileRef = 3261D5C62B09328C00775FF0 /* SingleFileView.swift */; };
		3295BDB12B0CFA4100627190 /* ConvertedFile.swift in Sources */ = {isa = PBXBuildFile; fileRef = 3295BDB02B0CFA4100627190 /* ConvertedFile.swift */; };
		3295BDB52B0D72B400627190 /* CrookedText in Frameworks */ = {isa = PBXBuildFile; productRef = 3295BDB42B0D72B400627190 /* CrookedText */; };
		32EFCF462B03A6F800C57555 /* PeechApp.swift in Sources */ = {isa = PBXBuildFile; fileRef = 32EFCF452B03A6F800C57555 /* PeechApp.swift */; };
		32EFCF482B03A6F800C57555 /* ContentView.swift in Sources */ = {isa = PBXBuildFile; fileRef = 32EFCF472B03A6F800C57555 /* ContentView.swift */; };
		32EFCF4A2B03A6FC00C57555 /* Assets.xcassets in Resources */ = {isa = PBXBuildFile; fileRef = 32EFCF492B03A6FC00C57555 /* Assets.xcassets */; };
		32EFCF4D2B03A6FC00C57555 /* Preview Assets.xcassets in Resources */ = {isa = PBXBuildFile; fileRef = 32EFCF4C2B03A6FC00C57555 /* Preview Assets.xcassets */; };
		32EFCF552B03CAC500C57555 /* FileListView.swift in Sources */ = {isa = PBXBuildFile; fileRef = 32EFCF542B03CAC500C57555 /* FileListView.swift */; };
		32EFCF592B04E72500C57555 /* CameraView.swift in Sources */ = {isa = PBXBuildFile; fileRef = 32EFCF582B04E72500C57555 /* CameraView.swift */; };
		32EFCF5C2B04E8ED00C57555 /* ThumbnailView.swift in Sources */ = {isa = PBXBuildFile; fileRef = 32EFCF5B2B04E8ED00C57555 /* ThumbnailView.swift */; };
		32EFCF5E2B04EA0300C57555 /* DataModel.swift in Sources */ = {isa = PBXBuildFile; fileRef = 32EFCF5D2B04EA0300C57555 /* DataModel.swift */; };
		32EFCF602B04EA9A00C57555 /* Camera.swift in Sources */ = {isa = PBXBuildFile; fileRef = 32EFCF5F2B04EA9A00C57555 /* Camera.swift */; };
		32EFCF622B04EE6600C57555 /* PhotoCollection.swift in Sources */ = {isa = PBXBuildFile; fileRef = 32EFCF612B04EE6600C57555 /* PhotoCollection.swift */; };
		32EFCF642B04EEC400C57555 /* PhotoAsset.swift in Sources */ = {isa = PBXBuildFile; fileRef = 32EFCF632B04EEC400C57555 /* PhotoAsset.swift */; };
		32EFCF662B04EEF500C57555 /* PhotoAssetCollection.swift in Sources */ = {isa = PBXBuildFile; fileRef = 32EFCF652B04EEF500C57555 /* PhotoAssetCollection.swift */; };
		32EFCF682B0504CE00C57555 /* PhotoLibrary.swift in Sources */ = {isa = PBXBuildFile; fileRef = 32EFCF672B0504CE00C57555 /* PhotoLibrary.swift */; };
		32EFCF6A2B0507B400C57555 /* PhotoCollectionView.swift in Sources */ = {isa = PBXBuildFile; fileRef = 32EFCF692B0507B400C57555 /* PhotoCollectionView.swift */; };
		32EFCF6C2B05091E00C57555 /* PhotoView.swift in Sources */ = {isa = PBXBuildFile; fileRef = 32EFCF6B2B05091E00C57555 /* PhotoView.swift */; };
		32EFCF6E2B050BBB00C57555 /* CachedImageManager.swift in Sources */ = {isa = PBXBuildFile; fileRef = 32EFCF6D2B050BBB00C57555 /* CachedImageManager.swift */; };
		32EFCF702B050C6300C57555 /* PhotoItemView.swift in Sources */ = {isa = PBXBuildFile; fileRef = 32EFCF6F2B050C6300C57555 /* PhotoItemView.swift */; };
		32EFCF722B050CE700C57555 /* ViewfinderView.swift in Sources */ = {isa = PBXBuildFile; fileRef = 32EFCF712B050CE700C57555 /* ViewfinderView.swift */; };
		32EFCF742B06784700C57555 /* TextProcessor.swift in Sources */ = {isa = PBXBuildFile; fileRef = 32EFCF732B06784700C57555 /* TextProcessor.swift */; };
/* End PBXBuildFile section */

/* Begin PBXFileReference section */
		3261BB8B2B0BB7A900D95B08 /* AudioCoordinator.swift */ = {isa = PBXFileReference; lastKnownFileType = sourcecode.swift; path = AudioCoordinator.swift; sourceTree = "<group>"; };
		3261D5C62B09328C00775FF0 /* SingleFileView.swift */ = {isa = PBXFileReference; lastKnownFileType = sourcecode.swift; path = SingleFileView.swift; sourceTree = "<group>"; };
		3295BDB02B0CFA4100627190 /* ConvertedFile.swift */ = {isa = PBXFileReference; lastKnownFileType = sourcecode.swift; path = ConvertedFile.swift; sourceTree = "<group>"; };
		32EFCF422B03A6F800C57555 /* Peech.app */ = {isa = PBXFileReference; explicitFileType = wrapper.application; includeInIndex = 0; path = Peech.app; sourceTree = BUILT_PRODUCTS_DIR; };
		32EFCF452B03A6F800C57555 /* PeechApp.swift */ = {isa = PBXFileReference; lastKnownFileType = sourcecode.swift; path = PeechApp.swift; sourceTree = "<group>"; };
		32EFCF472B03A6F800C57555 /* ContentView.swift */ = {isa = PBXFileReference; lastKnownFileType = sourcecode.swift; path = ContentView.swift; sourceTree = "<group>"; };
		32EFCF492B03A6FC00C57555 /* Assets.xcassets */ = {isa = PBXFileReference; lastKnownFileType = folder.assetcatalog; path = Assets.xcassets; sourceTree = "<group>"; };
		32EFCF4C2B03A6FC00C57555 /* Preview Assets.xcassets */ = {isa = PBXFileReference; lastKnownFileType = folder.assetcatalog; path = "Preview Assets.xcassets"; sourceTree = "<group>"; };
		32EFCF542B03CAC500C57555 /* FileListView.swift */ = {isa = PBXFileReference; lastKnownFileType = sourcecode.swift; path = FileListView.swift; sourceTree = "<group>"; };
		32EFCF582B04E72500C57555 /* CameraView.swift */ = {isa = PBXFileReference; lastKnownFileType = sourcecode.swift; path = CameraView.swift; sourceTree = "<group>"; };
		32EFCF5B2B04E8ED00C57555 /* ThumbnailView.swift */ = {isa = PBXFileReference; lastKnownFileType = sourcecode.swift; path = ThumbnailView.swift; sourceTree = "<group>"; };
		32EFCF5D2B04EA0300C57555 /* DataModel.swift */ = {isa = PBXFileReference; lastKnownFileType = sourcecode.swift; path = DataModel.swift; sourceTree = "<group>"; };
		32EFCF5F2B04EA9A00C57555 /* Camera.swift */ = {isa = PBXFileReference; lastKnownFileType = sourcecode.swift; path = Camera.swift; sourceTree = "<group>"; };
		32EFCF612B04EE6600C57555 /* PhotoCollection.swift */ = {isa = PBXFileReference; lastKnownFileType = sourcecode.swift; path = PhotoCollection.swift; sourceTree = "<group>"; };
		32EFCF632B04EEC400C57555 /* PhotoAsset.swift */ = {isa = PBXFileReference; lastKnownFileType = sourcecode.swift; path = PhotoAsset.swift; sourceTree = "<group>"; };
		32EFCF652B04EEF500C57555 /* PhotoAssetCollection.swift */ = {isa = PBXFileReference; lastKnownFileType = sourcecode.swift; path = PhotoAssetCollection.swift; sourceTree = "<group>"; };
		32EFCF672B0504CE00C57555 /* PhotoLibrary.swift */ = {isa = PBXFileReference; lastKnownFileType = sourcecode.swift; path = PhotoLibrary.swift; sourceTree = "<group>"; };
		32EFCF692B0507B400C57555 /* PhotoCollectionView.swift */ = {isa = PBXFileReference; lastKnownFileType = sourcecode.swift; path = PhotoCollectionView.swift; sourceTree = "<group>"; };
		32EFCF6B2B05091E00C57555 /* PhotoView.swift */ = {isa = PBXFileReference; lastKnownFileType = sourcecode.swift; path = PhotoView.swift; sourceTree = "<group>"; };
		32EFCF6D2B050BBB00C57555 /* CachedImageManager.swift */ = {isa = PBXFileReference; lastKnownFileType = sourcecode.swift; path = CachedImageManager.swift; sourceTree = "<group>"; };
		32EFCF6F2B050C6300C57555 /* PhotoItemView.swift */ = {isa = PBXFileReference; lastKnownFileType = sourcecode.swift; path = PhotoItemView.swift; sourceTree = "<group>"; };
		32EFCF712B050CE700C57555 /* ViewfinderView.swift */ = {isa = PBXFileReference; lastKnownFileType = sourcecode.swift; path = ViewfinderView.swift; sourceTree = "<group>"; };
		32EFCF732B06784700C57555 /* TextProcessor.swift */ = {isa = PBXFileReference; lastKnownFileType = sourcecode.swift; path = TextProcessor.swift; sourceTree = "<group>"; };
/* End PBXFileReference section */

/* Begin PBXFrameworksBuildPhase section */
		32EFCF3F2B03A6F800C57555 /* Frameworks */ = {
			isa = PBXFrameworksBuildPhase;
			buildActionMask = 2147483647;
			files = (
				3295BDB52B0D72B400627190 /* CrookedText in Frameworks */,
			);
			runOnlyForDeploymentPostprocessing = 0;
		};
/* End PBXFrameworksBuildPhase section */

/* Begin PBXGroup section */
		3261BB8D2B0BEDCC00D95B08 /* Controllers */ = {
			isa = PBXGroup;
			children = (
				32EFCF732B06784700C57555 /* TextProcessor.swift */,
				3261BB8B2B0BB7A900D95B08 /* AudioCoordinator.swift */,
			);
			path = Controllers;
			sourceTree = "<group>";
		};
		3261D5C82B09332A00775FF0 /* Views */ = {
			isa = PBXGroup;
			children = (
				32EFCF6F2B050C6300C57555 /* PhotoItemView.swift */,
				32EFCF712B050CE700C57555 /* ViewfinderView.swift */,
				32EFCF692B0507B400C57555 /* PhotoCollectionView.swift */,
				32EFCF6B2B05091E00C57555 /* PhotoView.swift */,
				32EFCF5B2B04E8ED00C57555 /* ThumbnailView.swift */,
			);
			path = Views;
			sourceTree = "<group>";
		};
		3295BDB22B0CFAF500627190 /* Models */ = {
			isa = PBXGroup;
			children = (
				3295BDB02B0CFA4100627190 /* ConvertedFile.swift */,
			);
			path = Models;
			sourceTree = "<group>";
		};
		32EFCF392B03A6F800C57555 = {
			isa = PBXGroup;
			children = (
				32EFCF442B03A6F800C57555 /* Peech */,
				32EFCF432B03A6F800C57555 /* Products */,
			);
			sourceTree = "<group>";
		};
		32EFCF432B03A6F800C57555 /* Products */ = {
			isa = PBXGroup;
			children = (
				32EFCF422B03A6F800C57555 /* Peech.app */,
			);
			name = Products;
			sourceTree = "<group>";
		};
		32EFCF442B03A6F800C57555 /* Peech */ = {
			isa = PBXGroup;
			children = (
				32EFCF5A2B04E8DB00C57555 /* Camera */,
				32EFCF532B03CA9200C57555 /* Views */,
				3261BB8D2B0BEDCC00D95B08 /* Controllers */,
				3295BDB22B0CFAF500627190 /* Models */,
				32EFCF452B03A6F800C57555 /* PeechApp.swift */,
				32EFCF492B03A6FC00C57555 /* Assets.xcassets */,
				32EFCF4B2B03A6FC00C57555 /* Preview Content */,
			);
			path = Peech;
			sourceTree = "<group>";
		};
		32EFCF4B2B03A6FC00C57555 /* Preview Content */ = {
			isa = PBXGroup;
			children = (
				32EFCF4C2B03A6FC00C57555 /* Preview Assets.xcassets */,
			);
			path = "Preview Content";
			sourceTree = "<group>";
		};
		32EFCF532B03CA9200C57555 /* Views */ = {
			isa = PBXGroup;
			children = (
				32EFCF472B03A6F800C57555 /* ContentView.swift */,
				32EFCF542B03CAC500C57555 /* FileListView.swift */,
				32EFCF582B04E72500C57555 /* CameraView.swift */,
				3261D5C62B09328C00775FF0 /* SingleFileView.swift */,
			);
			path = Views;
			sourceTree = "<group>";
		};
		32EFCF5A2B04E8DB00C57555 /* Camera */ = {
			isa = PBXGroup;
			children = (
				3261D5C82B09332A00775FF0 /* Views */,
				32EFCF5D2B04EA0300C57555 /* DataModel.swift */,
				32EFCF5F2B04EA9A00C57555 /* Camera.swift */,
				32EFCF612B04EE6600C57555 /* PhotoCollection.swift */,
				32EFCF632B04EEC400C57555 /* PhotoAsset.swift */,
				32EFCF652B04EEF500C57555 /* PhotoAssetCollection.swift */,
				32EFCF672B0504CE00C57555 /* PhotoLibrary.swift */,
				32EFCF6D2B050BBB00C57555 /* CachedImageManager.swift */,
			);
			path = Camera;
			sourceTree = "<group>";
		};
/* End PBXGroup section */

/* Begin PBXNativeTarget section */
		32EFCF412B03A6F800C57555 /* Peech */ = {
			isa = PBXNativeTarget;
			buildConfigurationList = 32EFCF502B03A6FC00C57555 /* Build configuration list for PBXNativeTarget "Peech" */;
			buildPhases = (
				32EFCF3E2B03A6F800C57555 /* Sources */,
				32EFCF3F2B03A6F800C57555 /* Frameworks */,
				32EFCF402B03A6F800C57555 /* Resources */,
			);
			buildRules = (
			);
			dependencies = (
			);
			name = Peech;
			packageProductDependencies = (
				3295BDB42B0D72B400627190 /* CrookedText */,
			);
			productName = Peech;
			productReference = 32EFCF422B03A6F800C57555 /* Peech.app */;
			productType = "com.apple.product-type.application";
		};
/* End PBXNativeTarget section */

/* Begin PBXProject section */
		32EFCF3A2B03A6F800C57555 /* Project object */ = {
			isa = PBXProject;
			attributes = {
				BuildIndependentTargetsInParallel = 1;
				LastSwiftUpdateCheck = 1500;
				LastUpgradeCheck = 1500;
				TargetAttributes = {
					32EFCF412B03A6F800C57555 = {
						CreatedOnToolsVersion = 15.0;
					};
				};
			};
			buildConfigurationList = 32EFCF3D2B03A6F800C57555 /* Build configuration list for PBXProject "Peech" */;
			compatibilityVersion = "Xcode 14.0";
			developmentRegion = en;
			hasScannedForEncodings = 0;
			knownRegions = (
				en,
				Base,
			);
			mainGroup = 32EFCF392B03A6F800C57555;
			packageReferences = (
				3295BDB32B0D72B400627190 /* XCRemoteSwiftPackageReference "CrookedText" */,
			);
			productRefGroup = 32EFCF432B03A6F800C57555 /* Products */;
			projectDirPath = "";
			projectRoot = "";
			targets = (
				32EFCF412B03A6F800C57555 /* Peech */,
			);
		};
/* End PBXProject section */

/* Begin PBXResourcesBuildPhase section */
		32EFCF402B03A6F800C57555 /* Resources */ = {
			isa = PBXResourcesBuildPhase;
			buildActionMask = 2147483647;
			files = (
				32EFCF4D2B03A6FC00C57555 /* Preview Assets.xcassets in Resources */,
				32EFCF4A2B03A6FC00C57555 /* Assets.xcassets in Resources */,
			);
			runOnlyForDeploymentPostprocessing = 0;
		};
/* End PBXResourcesBuildPhase section */

/* Begin PBXSourcesBuildPhase section */
		32EFCF3E2B03A6F800C57555 /* Sources */ = {
			isa = PBXSourcesBuildPhase;
			buildActionMask = 2147483647;
			files = (
				3295BDB12B0CFA4100627190 /* ConvertedFile.swift in Sources */,
				32EFCF722B050CE700C57555 /* ViewfinderView.swift in Sources */,
				32EFCF602B04EA9A00C57555 /* Camera.swift in Sources */,
				32EFCF622B04EE6600C57555 /* PhotoCollection.swift in Sources */,
				32EFCF702B050C6300C57555 /* PhotoItemView.swift in Sources */,
				32EFCF662B04EEF500C57555 /* PhotoAssetCollection.swift in Sources */,
				32EFCF5E2B04EA0300C57555 /* DataModel.swift in Sources */,
				32EFCF682B0504CE00C57555 /* PhotoLibrary.swift in Sources */,
				32EFCF642B04EEC400C57555 /* PhotoAsset.swift in Sources */,
				3261D5C72B09328C00775FF0 /* SingleFileView.swift in Sources */,
				32EFCF482B03A6F800C57555 /* ContentView.swift in Sources */,
				32EFCF6E2B050BBB00C57555 /* CachedImageManager.swift in Sources */,
				32EFCF462B03A6F800C57555 /* PeechApp.swift in Sources */,
				32EFCF552B03CAC500C57555 /* FileListView.swift in Sources */,
				32EFCF6C2B05091E00C57555 /* PhotoView.swift in Sources */,
				32EFCF5C2B04E8ED00C57555 /* ThumbnailView.swift in Sources */,
				32EFCF592B04E72500C57555 /* CameraView.swift in Sources */,
				3261BB8C2B0BB7A900D95B08 /* AudioCoordinator.swift in Sources */,
				32EFCF742B06784700C57555 /* TextProcessor.swift in Sources */,
				32EFCF6A2B0507B400C57555 /* PhotoCollectionView.swift in Sources */,
			);
			runOnlyForDeploymentPostprocessing = 0;
		};
/* End PBXSourcesBuildPhase section */

/* Begin XCBuildConfiguration section */
		32EFCF4E2B03A6FC00C57555 /* Debug */ = {
			isa = XCBuildConfiguration;
			buildSettings = {
				ALWAYS_SEARCH_USER_PATHS = NO;
				ASSETCATALOG_COMPILER_GENERATE_SWIFT_ASSET_SYMBOL_EXTENSIONS = YES;
				CLANG_ANALYZER_NONNULL = YES;
				CLANG_ANALYZER_NUMBER_OBJECT_CONVERSION = YES_AGGRESSIVE;
				CLANG_CXX_LANGUAGE_STANDARD = "gnu++20";
				CLANG_ENABLE_MODULES = YES;
				CLANG_ENABLE_OBJC_ARC = YES;
				CLANG_ENABLE_OBJC_WEAK = YES;
				CLANG_WARN_BLOCK_CAPTURE_AUTORELEASING = YES;
				CLANG_WARN_BOOL_CONVERSION = YES;
				CLANG_WARN_COMMA = YES;
				CLANG_WARN_CONSTANT_CONVERSION = YES;
				CLANG_WARN_DEPRECATED_OBJC_IMPLEMENTATIONS = YES;
				CLANG_WARN_DIRECT_OBJC_ISA_USAGE = YES_ERROR;
				CLANG_WARN_DOCUMENTATION_COMMENTS = YES;
				CLANG_WARN_EMPTY_BODY = YES;
				CLANG_WARN_ENUM_CONVERSION = YES;
				CLANG_WARN_INFINITE_RECURSION = YES;
				CLANG_WARN_INT_CONVERSION = YES;
				CLANG_WARN_NON_LITERAL_NULL_CONVERSION = YES;
				CLANG_WARN_OBJC_IMPLICIT_RETAIN_SELF = YES;
				CLANG_WARN_OBJC_LITERAL_CONVERSION = YES;
				CLANG_WARN_OBJC_ROOT_CLASS = YES_ERROR;
				CLANG_WARN_QUOTED_INCLUDE_IN_FRAMEWORK_HEADER = YES;
				CLANG_WARN_RANGE_LOOP_ANALYSIS = YES;
				CLANG_WARN_STRICT_PROTOTYPES = YES;
				CLANG_WARN_SUSPICIOUS_MOVE = YES;
				CLANG_WARN_UNGUARDED_AVAILABILITY = YES_AGGRESSIVE;
				CLANG_WARN_UNREACHABLE_CODE = YES;
				CLANG_WARN__DUPLICATE_METHOD_MATCH = YES;
				COPY_PHASE_STRIP = NO;
				DEBUG_INFORMATION_FORMAT = dwarf;
				ENABLE_STRICT_OBJC_MSGSEND = YES;
				ENABLE_TESTABILITY = YES;
				ENABLE_USER_SCRIPT_SANDBOXING = YES;
				GCC_C_LANGUAGE_STANDARD = gnu17;
				GCC_DYNAMIC_NO_PIC = NO;
				GCC_NO_COMMON_BLOCKS = YES;
				GCC_OPTIMIZATION_LEVEL = 0;
				GCC_PREPROCESSOR_DEFINITIONS = (
					"DEBUG=1",
					"$(inherited)",
				);
				GCC_WARN_64_TO_32_BIT_CONVERSION = YES;
				GCC_WARN_ABOUT_RETURN_TYPE = YES_ERROR;
				GCC_WARN_UNDECLARED_SELECTOR = YES;
				GCC_WARN_UNINITIALIZED_AUTOS = YES_AGGRESSIVE;
				GCC_WARN_UNUSED_FUNCTION = YES;
				GCC_WARN_UNUSED_VARIABLE = YES;
				IPHONEOS_DEPLOYMENT_TARGET = 17.0;
				LOCALIZATION_PREFERS_STRING_CATALOGS = YES;
				MTL_ENABLE_DEBUG_INFO = INCLUDE_SOURCE;
				MTL_FAST_MATH = YES;
				ONLY_ACTIVE_ARCH = YES;
				SDKROOT = iphoneos;
				SWIFT_ACTIVE_COMPILATION_CONDITIONS = "DEBUG $(inherited)";
				SWIFT_OPTIMIZATION_LEVEL = "-Onone";
			};
			name = Debug;
		};
		32EFCF4F2B03A6FC00C57555 /* Release */ = {
			isa = XCBuildConfiguration;
			buildSettings = {
				ALWAYS_SEARCH_USER_PATHS = NO;
				ASSETCATALOG_COMPILER_GENERATE_SWIFT_ASSET_SYMBOL_EXTENSIONS = YES;
				CLANG_ANALYZER_NONNULL = YES;
				CLANG_ANALYZER_NUMBER_OBJECT_CONVERSION = YES_AGGRESSIVE;
				CLANG_CXX_LANGUAGE_STANDARD = "gnu++20";
				CLANG_ENABLE_MODULES = YES;
				CLANG_ENABLE_OBJC_ARC = YES;
				CLANG_ENABLE_OBJC_WEAK = YES;
				CLANG_WARN_BLOCK_CAPTURE_AUTORELEASING = YES;
				CLANG_WARN_BOOL_CONVERSION = YES;
				CLANG_WARN_COMMA = YES;
				CLANG_WARN_CONSTANT_CONVERSION = YES;
				CLANG_WARN_DEPRECATED_OBJC_IMPLEMENTATIONS = YES;
				CLANG_WARN_DIRECT_OBJC_ISA_USAGE = YES_ERROR;
				CLANG_WARN_DOCUMENTATION_COMMENTS = YES;
				CLANG_WARN_EMPTY_BODY = YES;
				CLANG_WARN_ENUM_CONVERSION = YES;
				CLANG_WARN_INFINITE_RECURSION = YES;
				CLANG_WARN_INT_CONVERSION = YES;
				CLANG_WARN_NON_LITERAL_NULL_CONVERSION = YES;
				CLANG_WARN_OBJC_IMPLICIT_RETAIN_SELF = YES;
				CLANG_WARN_OBJC_LITERAL_CONVERSION = YES;
				CLANG_WARN_OBJC_ROOT_CLASS = YES_ERROR;
				CLANG_WARN_QUOTED_INCLUDE_IN_FRAMEWORK_HEADER = YES;
				CLANG_WARN_RANGE_LOOP_ANALYSIS = YES;
				CLANG_WARN_STRICT_PROTOTYPES = YES;
				CLANG_WARN_SUSPICIOUS_MOVE = YES;
				CLANG_WARN_UNGUARDED_AVAILABILITY = YES_AGGRESSIVE;
				CLANG_WARN_UNREACHABLE_CODE = YES;
				CLANG_WARN__DUPLICATE_METHOD_MATCH = YES;
				COPY_PHASE_STRIP = NO;
				DEBUG_INFORMATION_FORMAT = "dwarf-with-dsym";
				ENABLE_NS_ASSERTIONS = NO;
				ENABLE_STRICT_OBJC_MSGSEND = YES;
				ENABLE_USER_SCRIPT_SANDBOXING = YES;
				GCC_C_LANGUAGE_STANDARD = gnu17;
				GCC_NO_COMMON_BLOCKS = YES;
				GCC_WARN_64_TO_32_BIT_CONVERSION = YES;
				GCC_WARN_ABOUT_RETURN_TYPE = YES_ERROR;
				GCC_WARN_UNDECLARED_SELECTOR = YES;
				GCC_WARN_UNINITIALIZED_AUTOS = YES_AGGRESSIVE;
				GCC_WARN_UNUSED_FUNCTION = YES;
				GCC_WARN_UNUSED_VARIABLE = YES;
				IPHONEOS_DEPLOYMENT_TARGET = 17.0;
				LOCALIZATION_PREFERS_STRING_CATALOGS = YES;
				MTL_ENABLE_DEBUG_INFO = NO;
				MTL_FAST_MATH = YES;
				SDKROOT = iphoneos;
				SWIFT_COMPILATION_MODE = wholemodule;
				VALIDATE_PRODUCT = YES;
			};
			name = Release;
		};
		32EFCF512B03A6FC00C57555 /* Debug */ = {
			isa = XCBuildConfiguration;
			buildSettings = {
				ASSETCATALOG_COMPILER_APPICON_NAME = AppIcon;
				ASSETCATALOG_COMPILER_GLOBAL_ACCENT_COLOR_NAME = AccentColor;
				CODE_SIGN_STYLE = Automatic;
				CURRENT_PROJECT_VERSION = 1;
				DEVELOPMENT_ASSET_PATHS = "\"Peech/Preview Content\"";
				DEVELOPMENT_TEAM = L6W3DL7P44;
				ENABLE_PREVIEWS = YES;
				GENERATE_INFOPLIST_FILE = YES;
				INFOPLIST_KEY_NSCameraUsageDescription = "Give access to camera to scan text";
				INFOPLIST_KEY_NSPhotoLibraryUsageDescription = "Give access to photo library to choose a photo with text to scan";
				INFOPLIST_KEY_UIApplicationSceneManifest_Generation = YES;
				INFOPLIST_KEY_UIApplicationSupportsIndirectInputEvents = YES;
				INFOPLIST_KEY_UILaunchScreen_Generation = YES;
				INFOPLIST_KEY_UISupportedInterfaceOrientations_iPad = "UIInterfaceOrientationPortrait UIInterfaceOrientationPortraitUpsideDown UIInterfaceOrientationLandscapeLeft UIInterfaceOrientationLandscapeRight";
				INFOPLIST_KEY_UISupportedInterfaceOrientations_iPhone = "UIInterfaceOrientationPortrait UIInterfaceOrientationLandscapeLeft UIInterfaceOrientationLandscapeRight";
				LD_RUNPATH_SEARCH_PATHS = (
					"$(inherited)",
					"@executable_path/Frameworks",
				);
				MARKETING_VERSION = 1.0;
				PRODUCT_BUNDLE_IDENTIFIER = com.devacademy.Peech;
				PRODUCT_NAME = "$(TARGET_NAME)";
				SWIFT_EMIT_LOC_STRINGS = YES;
				SWIFT_VERSION = 5.0;
				TARGETED_DEVICE_FAMILY = "1,2";
			};
			name = Debug;
		};
		32EFCF522B03A6FC00C57555 /* Release */ = {
			isa = XCBuildConfiguration;
			buildSettings = {
				ASSETCATALOG_COMPILER_APPICON_NAME = AppIcon;
				ASSETCATALOG_COMPILER_GLOBAL_ACCENT_COLOR_NAME = AccentColor;
				CODE_SIGN_STYLE = Automatic;
				CURRENT_PROJECT_VERSION = 1;
				DEVELOPMENT_ASSET_PATHS = "\"Peech/Preview Content\"";
				DEVELOPMENT_TEAM = L6W3DL7P44;
				ENABLE_PREVIEWS = YES;
				GENERATE_INFOPLIST_FILE = YES;
				INFOPLIST_KEY_NSCameraUsageDescription = "Give access to camera to scan text";
				INFOPLIST_KEY_NSPhotoLibraryUsageDescription = "Give access to photo library to choose a photo with text to scan";
				INFOPLIST_KEY_UIApplicationSceneManifest_Generation = YES;
				INFOPLIST_KEY_UIApplicationSupportsIndirectInputEvents = YES;
				INFOPLIST_KEY_UILaunchScreen_Generation = YES;
				INFOPLIST_KEY_UISupportedInterfaceOrientations_iPad = "UIInterfaceOrientationPortrait UIInterfaceOrientationPortraitUpsideDown UIInterfaceOrientationLandscapeLeft UIInterfaceOrientationLandscapeRight";
				INFOPLIST_KEY_UISupportedInterfaceOrientations_iPhone = "UIInterfaceOrientationPortrait UIInterfaceOrientationLandscapeLeft UIInterfaceOrientationLandscapeRight";
				LD_RUNPATH_SEARCH_PATHS = (
					"$(inherited)",
					"@executable_path/Frameworks",
				);
				MARKETING_VERSION = 1.0;
				PRODUCT_BUNDLE_IDENTIFIER = com.devacademy.Peech;
				PRODUCT_NAME = "$(TARGET_NAME)";
				SWIFT_EMIT_LOC_STRINGS = YES;
				SWIFT_VERSION = 5.0;
				TARGETED_DEVICE_FAMILY = "1,2";
			};
			name = Release;
		};
/* End XCBuildConfiguration section */

/* Begin XCConfigurationList section */
		32EFCF3D2B03A6F800C57555 /* Build configuration list for PBXProject "Peech" */ = {
			isa = XCConfigurationList;
			buildConfigurations = (
				32EFCF4E2B03A6FC00C57555 /* Debug */,
				32EFCF4F2B03A6FC00C57555 /* Release */,
			);
			defaultConfigurationIsVisible = 0;
			defaultConfigurationName = Release;
		};
		32EFCF502B03A6FC00C57555 /* Build configuration list for PBXNativeTarget "Peech" */ = {
			isa = XCConfigurationList;
			buildConfigurations = (
				32EFCF512B03A6FC00C57555 /* Debug */,
				32EFCF522B03A6FC00C57555 /* Release */,
			);
			defaultConfigurationIsVisible = 0;
			defaultConfigurationName = Release;
		};
/* End XCConfigurationList section */

/* Begin XCRemoteSwiftPackageReference section */
		3295BDB32B0D72B400627190 /* XCRemoteSwiftPackageReference "CrookedText" */ = {
			isa = XCRemoteSwiftPackageReference;
			repositoryURL = "https://github.com/duemunk/CrookedText.git";
			requirement = {
				kind = upToNextMajorVersion;
				minimumVersion = 0.0.1;
			};
		};
/* End XCRemoteSwiftPackageReference section */

/* Begin XCSwiftPackageProductDependency section */
		3295BDB42B0D72B400627190 /* CrookedText */ = {
			isa = XCSwiftPackageProductDependency;
			package = 3295BDB32B0D72B400627190 /* XCRemoteSwiftPackageReference "CrookedText" */;
			productName = CrookedText;
		};
/* End XCSwiftPackageProductDependency section */
	};
	rootObject = 32EFCF3A2B03A6F800C57555 /* Project object */;
}
